
Microsoft Visual Studio Solution File, Format Version 12.00
# Visual Studio Version 17
VisualStudioVersion = 17.8.34330.188
MinimumVisualStudioVersion = 10.0.40219.1
Project("{9A19103F-16F7-4668-BE54-9A1E7A4F7556}") = "AutomobileLibrary", "AutomobileLibrary\AutomobileLibrary.csproj", "{3A9917DF-AB5B-4E1C-BCD3-47D891E91B68}"
EndProject
Project("{FAE04EC0-301F-11D3-BF4B-00C04F79EFBC}") = "AutomobileWinApp", "AutomobileWinApp\AutomobileWinApp\AutomobileWinApp.csproj", "{8305A977-42B1-4344-BE42-C17A9D64038A}"
EndProject
Global
	GlobalSection(SolutionConfigurationPlatforms) = preSolution
		Debug|Any CPU = Debug|Any CPU
		Release|Any CPU = Release|Any CPU
	EndGlobalSection
	GlobalSection(ProjectConfigurationPlatforms) = postSolution
		{3A9917DF-AB5B-4E1C-BCD3-47D891E91B68}.Debug|Any CPU.ActiveCfg = Debug|Any CPU
		{3A9917DF-AB5B-4E1C-BCD3-47D891E91B68}.Debug|Any CPU.Build.0 = Debug|Any CPU
		{3A9917DF-AB5B-4E1C-BCD3-47D891E91B68}.Release|Any CPU.ActiveCfg = Release|Any CPU
		{3A9917DF-AB5B-4E1C-BCD3-47D891E91B68}.Release|Any CPU.Build.0 = Release|Any CPU
		{8305A977-42B1-4344-BE42-C17A9D64038A}.Debug|Any CPU.ActiveCfg = Debug|Any CPU
		{8305A977-42B1-4344-BE42-C17A9D64038A}.Debug|Any CPU.Build.0 = Debug|Any CPU
		{8305A977-42B1-4344-BE42-C17A9D64038A}.Release|Any CPU.ActiveCfg = Release|Any CPU
		{8305A977-42B1-4344-BE42-C17A9D64038A}.Release|Any CPU.Build.0 = Release|Any CPU
	EndGlobalSection
	GlobalSection(SolutionProperties) = preSolution
		HideSolutionNode = FALSE
	EndGlobalSection
	GlobalSection(ExtensibilityGlobals) = postSolution
		SolutionGuid = {193F0611-2980-4F45-BB6A-1DC7AAE9E75C}
	EndGlobalSection
EndGlobal
